
Microsoft Visual Studio Solution File, Format Version 12.00
# Visual Studio Version 17
VisualStudioVersion = 17.3.32901.215
MinimumVisualStudioVersion = 10.0.40219.1
Project("{9A19103F-16F7-4668-BE54-9A1E7A4F7556}") = "AdventOfCode2020", "AdventOfCode2020\AdventOfCode2020.csproj", "{44466B15-5FAC-4E2A-8E5D-E1903A7287F6}"
EndProject
Project("{9A19103F-16F7-4668-BE54-9A1E7A4F7556}") = "AOCLib", "AOC\AOCLib.csproj", "{C19F2250-FAB4-4776-9248-6F8EA6C2D02A}"
EndProject
Project("{9A19103F-16F7-4668-BE54-9A1E7A4F7556}") = "AdventOfCode2019", "AdventOfCode2019\AdventOfCode2019.csproj", "{B994D626-8A5F-43A0-B2B7-1CE4EBDC3546}"
EndProject
Project("{9A19103F-16F7-4668-BE54-9A1E7A4F7556}") = "AdventOfCode2021", "AdventOfCode2021\AdventOfCode2021.csproj", "{B836D913-612C-4BA7-9542-3966CB8A5D58}"
EndProject
Project("{9A19103F-16F7-4668-BE54-9A1E7A4F7556}") = "AdventOfCode2015", "AdventOfCode2015\AdventOfCode2015.csproj", "{F83E332A-9268-4EB0-8F33-F0E2E9D49E38}"
EndProject
Project("{9A19103F-16F7-4668-BE54-9A1E7A4F7556}") = "Tests", "Tests\Tests.csproj", "{688283BB-6C93-4371-99B6-42F93D623EE1}"
EndProject
Project("{9A19103F-16F7-4668-BE54-9A1E7A4F7556}") = "AdventOfCode2022", "AdventOfCode2022\AdventOfCode2022.csproj", "{64DAE5C9-F979-4149-8B53-1CEE297DA584}"
EndProject
Project("{9A19103F-16F7-4668-BE54-9A1E7A4F7556}") = "AdventOfCode2023", "AdventOfCode2023\AdventOfCode2023.csproj", "{24498FF9-A014-4467-8FE2-55AFB2DAFF92}"
EndProject
Project("{9A19103F-16F7-4668-BE54-9A1E7A4F7556}") = "EverybodyCode2024", "EverybodyCode2024\EverybodyCode2024.csproj", "{CA91C41B-B019-4836-8190-BEDF9422D08F}"
EndProject
Project("{FAE04EC0-301F-11D3-BF4B-00C04F79EFBC}") = "AdventOfCode2024", "AdventOfCode2024\AdventOfCode2024.csproj", "{8D964B60-AB5D-40AA-8A02-6F94F5AFB118}"
EndProject
Global
	GlobalSection(SolutionConfigurationPlatforms) = preSolution
		Debug|Any CPU = Debug|Any CPU
		Debug|x64 = Debug|x64
		Release|Any CPU = Release|Any CPU
		Release|x64 = Release|x64
	EndGlobalSection
	GlobalSection(ProjectConfigurationPlatforms) = postSolution
		{44466B15-5FAC-4E2A-8E5D-E1903A7287F6}.Debug|Any CPU.ActiveCfg = Debug|Any CPU
		{44466B15-5FAC-4E2A-8E5D-E1903A7287F6}.Debug|Any CPU.Build.0 = Debug|Any CPU
		{44466B15-5FAC-4E2A-8E5D-E1903A7287F6}.Debug|x64.ActiveCfg = Debug|Any CPU
		{44466B15-5FAC-4E2A-8E5D-E1903A7287F6}.Debug|x64.Build.0 = Debug|Any CPU
		{44466B15-5FAC-4E2A-8E5D-E1903A7287F6}.Release|Any CPU.ActiveCfg = Release|Any CPU
		{44466B15-5FAC-4E2A-8E5D-E1903A7287F6}.Release|Any CPU.Build.0 = Release|Any CPU
		{44466B15-5FAC-4E2A-8E5D-E1903A7287F6}.Release|x64.ActiveCfg = Release|Any CPU
		{44466B15-5FAC-4E2A-8E5D-E1903A7287F6}.Release|x64.Build.0 = Release|Any CPU
		{C19F2250-FAB4-4776-9248-6F8EA6C2D02A}.Debug|Any CPU.ActiveCfg = Debug|Any CPU
		{C19F2250-FAB4-4776-9248-6F8EA6C2D02A}.Debug|Any CPU.Build.0 = Debug|Any CPU
		{C19F2250-FAB4-4776-9248-6F8EA6C2D02A}.Debug|x64.ActiveCfg = Debug|Any CPU
		{C19F2250-FAB4-4776-9248-6F8EA6C2D02A}.Debug|x64.Build.0 = Debug|Any CPU
		{C19F2250-FAB4-4776-9248-6F8EA6C2D02A}.Release|Any CPU.ActiveCfg = Release|Any CPU
		{C19F2250-FAB4-4776-9248-6F8EA6C2D02A}.Release|Any CPU.Build.0 = Release|Any CPU
		{C19F2250-FAB4-4776-9248-6F8EA6C2D02A}.Release|x64.ActiveCfg = Release|Any CPU
		{C19F2250-FAB4-4776-9248-6F8EA6C2D02A}.Release|x64.Build.0 = Release|Any CPU
		{B994D626-8A5F-43A0-B2B7-1CE4EBDC3546}.Debug|Any CPU.ActiveCfg = Debug|Any CPU
		{B994D626-8A5F-43A0-B2B7-1CE4EBDC3546}.Debug|Any CPU.Build.0 = Debug|Any CPU
		{B994D626-8A5F-43A0-B2B7-1CE4EBDC3546}.Debug|x64.ActiveCfg = Debug|Any CPU
		{B994D626-8A5F-43A0-B2B7-1CE4EBDC3546}.Debug|x64.Build.0 = Debug|Any CPU
		{B994D626-8A5F-43A0-B2B7-1CE4EBDC3546}.Release|Any CPU.ActiveCfg = Release|Any CPU
		{B994D626-8A5F-43A0-B2B7-1CE4EBDC3546}.Release|Any CPU.Build.0 = Release|Any CPU
		{B994D626-8A5F-43A0-B2B7-1CE4EBDC3546}.Release|x64.ActiveCfg = Release|Any CPU
		{B994D626-8A5F-43A0-B2B7-1CE4EBDC3546}.Release|x64.Build.0 = Release|Any CPU
		{B836D913-612C-4BA7-9542-3966CB8A5D58}.Debug|Any CPU.ActiveCfg = Debug|Any CPU
		{B836D913-612C-4BA7-9542-3966CB8A5D58}.Debug|Any CPU.Build.0 = Debug|Any CPU
		{B836D913-612C-4BA7-9542-3966CB8A5D58}.Debug|x64.ActiveCfg = Debug|Any CPU
		{B836D913-612C-4BA7-9542-3966CB8A5D58}.Debug|x64.Build.0 = Debug|Any CPU
		{B836D913-612C-4BA7-9542-3966CB8A5D58}.Release|Any CPU.ActiveCfg = Release|Any CPU
		{B836D913-612C-4BA7-9542-3966CB8A5D58}.Release|Any CPU.Build.0 = Release|Any CPU
		{B836D913-612C-4BA7-9542-3966CB8A5D58}.Release|x64.ActiveCfg = Release|Any CPU
		{B836D913-612C-4BA7-9542-3966CB8A5D58}.Release|x64.Build.0 = Release|Any CPU
		{F83E332A-9268-4EB0-8F33-F0E2E9D49E38}.Debug|Any CPU.ActiveCfg = Debug|Any CPU
		{F83E332A-9268-4EB0-8F33-F0E2E9D49E38}.Debug|Any CPU.Build.0 = Debug|Any CPU
		{F83E332A-9268-4EB0-8F33-F0E2E9D49E38}.Debug|x64.ActiveCfg = Debug|Any CPU
		{F83E332A-9268-4EB0-8F33-F0E2E9D49E38}.Debug|x64.Build.0 = Debug|Any CPU
		{F83E332A-9268-4EB0-8F33-F0E2E9D49E38}.Release|Any CPU.ActiveCfg = Release|Any CPU
		{F83E332A-9268-4EB0-8F33-F0E2E9D49E38}.Release|Any CPU.Build.0 = Release|Any CPU
		{F83E332A-9268-4EB0-8F33-F0E2E9D49E38}.Release|x64.ActiveCfg = Release|Any CPU
		{F83E332A-9268-4EB0-8F33-F0E2E9D49E38}.Release|x64.Build.0 = Release|Any CPU
		{688283BB-6C93-4371-99B6-42F93D623EE1}.Debug|Any CPU.ActiveCfg = Debug|Any CPU
		{688283BB-6C93-4371-99B6-42F93D623EE1}.Debug|Any CPU.Build.0 = Debug|Any CPU
		{688283BB-6C93-4371-99B6-42F93D623EE1}.Debug|x64.ActiveCfg = Debug|Any CPU
		{688283BB-6C93-4371-99B6-42F93D623EE1}.Debug|x64.Build.0 = Debug|Any CPU
		{688283BB-6C93-4371-99B6-42F93D623EE1}.Release|Any CPU.ActiveCfg = Release|Any CPU
		{688283BB-6C93-4371-99B6-42F93D623EE1}.Release|Any CPU.Build.0 = Release|Any CPU
		{688283BB-6C93-4371-99B6-42F93D623EE1}.Release|x64.ActiveCfg = Release|Any CPU
		{688283BB-6C93-4371-99B6-42F93D623EE1}.Release|x64.Build.0 = Release|Any CPU
		{64DAE5C9-F979-4149-8B53-1CEE297DA584}.Debug|Any CPU.ActiveCfg = Debug|Any CPU
		{64DAE5C9-F979-4149-8B53-1CEE297DA584}.Debug|Any CPU.Build.0 = Debug|Any CPU
		{64DAE5C9-F979-4149-8B53-1CEE297DA584}.Debug|x64.ActiveCfg = Debug|Any CPU
		{64DAE5C9-F979-4149-8B53-1CEE297DA584}.Debug|x64.Build.0 = Debug|Any CPU
		{64DAE5C9-F979-4149-8B53-1CEE297DA584}.Release|Any CPU.ActiveCfg = Release|Any CPU
		{64DAE5C9-F979-4149-8B53-1CEE297DA584}.Release|Any CPU.Build.0 = Release|Any CPU
		{64DAE5C9-F979-4149-8B53-1CEE297DA584}.Release|x64.ActiveCfg = Release|Any CPU
		{64DAE5C9-F979-4149-8B53-1CEE297DA584}.Release|x64.Build.0 = Release|Any CPU
		{24498FF9-A014-4467-8FE2-55AFB2DAFF92}.Debug|Any CPU.ActiveCfg = Debug|Any CPU
		{24498FF9-A014-4467-8FE2-55AFB2DAFF92}.Debug|Any CPU.Build.0 = Debug|Any CPU
		{24498FF9-A014-4467-8FE2-55AFB2DAFF92}.Debug|x64.ActiveCfg = Debug|Any CPU
		{24498FF9-A014-4467-8FE2-55AFB2DAFF92}.Debug|x64.Build.0 = Debug|Any CPU
		{24498FF9-A014-4467-8FE2-55AFB2DAFF92}.Release|Any CPU.ActiveCfg = Release|Any CPU
		{24498FF9-A014-4467-8FE2-55AFB2DAFF92}.Release|Any CPU.Build.0 = Release|Any CPU
		{24498FF9-A014-4467-8FE2-55AFB2DAFF92}.Release|x64.ActiveCfg = Release|Any CPU
		{24498FF9-A014-4467-8FE2-55AFB2DAFF92}.Release|x64.Build.0 = Release|Any CPU
		{CA91C41B-B019-4836-8190-BEDF9422D08F}.Debug|Any CPU.ActiveCfg = Debug|Any CPU
		{CA91C41B-B019-4836-8190-BEDF9422D08F}.Debug|Any CPU.Build.0 = Debug|Any CPU
		{CA91C41B-B019-4836-8190-BEDF9422D08F}.Debug|x64.ActiveCfg = Debug|Any CPU
		{CA91C41B-B019-4836-8190-BEDF9422D08F}.Debug|x64.Build.0 = Debug|Any CPU
		{CA91C41B-B019-4836-8190-BEDF9422D08F}.Release|Any CPU.ActiveCfg = Release|Any CPU
		{CA91C41B-B019-4836-8190-BEDF9422D08F}.Release|Any CPU.Build.0 = Release|Any CPU
		{CA91C41B-B019-4836-8190-BEDF9422D08F}.Release|x64.ActiveCfg = Release|Any CPU
		{CA91C41B-B019-4836-8190-BEDF9422D08F}.Release|x64.Build.0 = Release|Any CPU
		{8D964B60-AB5D-40AA-8A02-6F94F5AFB118}.Debug|Any CPU.ActiveCfg = Debug|Any CPU
		{8D964B60-AB5D-40AA-8A02-6F94F5AFB118}.Debug|Any CPU.Build.0 = Debug|Any CPU
		{8D964B60-AB5D-40AA-8A02-6F94F5AFB118}.Debug|x64.ActiveCfg = Debug|Any CPU
		{8D964B60-AB5D-40AA-8A02-6F94F5AFB118}.Debug|x64.Build.0 = Debug|Any CPU
		{8D964B60-AB5D-40AA-8A02-6F94F5AFB118}.Release|Any CPU.ActiveCfg = Release|Any CPU
		{8D964B60-AB5D-40AA-8A02-6F94F5AFB118}.Release|Any CPU.Build.0 = Release|Any CPU
		{8D964B60-AB5D-40AA-8A02-6F94F5AFB118}.Release|x64.ActiveCfg = Release|Any CPU
		{8D964B60-AB5D-40AA-8A02-6F94F5AFB118}.Release|x64.Build.0 = Release|Any CPU
	EndGlobalSection
	GlobalSection(SolutionProperties) = preSolution
		HideSolutionNode = FALSE
	EndGlobalSection
	GlobalSection(ExtensibilityGlobals) = postSolution
		SolutionGuid = {B77954CF-F8DC-4E42-8559-0CC749881033}
	EndGlobalSection
EndGlobal
